// !$*UTF8*$!
{
	archiveVersion = 1;
	classes = {
	};
	objectVersion = 46;
	objects = {

/* Begin PBXBuildFile section */
		1D3623260D0F684500981E51 /* ThisIsMyStuffAppDelegate.m in Sources */ = {isa = PBXBuildFile; fileRef = 1D3623250D0F684500981E51 /* ThisIsMyStuffAppDelegate.m */; };
		1D60589B0D05DD56006BFB54 /* main.m in Sources */ = {isa = PBXBuildFile; fileRef = 29B97316FDCFA39411CA2CEA /* main.m */; };
		1D60589F0D05DD5A006BFB54 /* Foundation.framework in Frameworks */ = {isa = PBXBuildFile; fileRef = 1D30AB110D05D00D00671497 /* Foundation.framework */; };
		1DF5F4E00D08C38300B7A737 /* UIKit.framework in Frameworks */ = {isa = PBXBuildFile; fileRef = 1DF5F4DF0D08C38300B7A737 /* UIKit.framework */; };
		28193060112F816700ECF9B4 /* ThisIsMyStuff.xcdatamodeld in Sources */ = {isa = PBXBuildFile; fileRef = 2819305F112F816700ECF9B4 /* ThisIsMyStuff.xcdatamodeld */; };
		288765A50DF7441C002DB57D /* CoreGraphics.framework in Frameworks */ = {isa = PBXBuildFile; fileRef = 288765A40DF7441C002DB57D /* CoreGraphics.framework */; };
		28AD733F0D9D9553002E5188 /* MainWindow.xib in Resources */ = {isa = PBXBuildFile; fileRef = 28AD733E0D9D9553002E5188 /* MainWindow.xib */; };
		28D801B40F44B63D00FB423F /* CoreData.framework in Frameworks */ = {isa = PBXBuildFile; fileRef = 28D801B30F44B63D00FB423F /* CoreData.framework */; };
		EF0270D9123B972A00F2AFDA /* book.png in Resources */ = {isa = PBXBuildFile; fileRef = EF0270D7123B972A00F2AFDA /* book.png */; };
		EF0270DA123B972A00F2AFDA /* disk.png in Resources */ = {isa = PBXBuildFile; fileRef = EF0270D8123B972A00F2AFDA /* disk.png */; };
		EF19D216123BA7C0002F970C /* icon.png in Resources */ = {isa = PBXBuildFile; fileRef = EF19D215123BA7C0002F970C /* icon.png */; };
		EF19D21A123BA881002F970C /* icon@2x.png in Resources */ = {isa = PBXBuildFile; fileRef = EF19D219123BA881002F970C /* icon@2x.png */; };
		EF213B17123683A500181E28 /* MusicItemViewController.m in Sources */ = {isa = PBXBuildFile; fileRef = EF213B15123683A500181E28 /* MusicItemViewController.m */; };
		EF213B18123683A500181E28 /* MusicItemViewController.xib in Resources */ = {isa = PBXBuildFile; fileRef = EF213B16123683A500181E28 /* MusicItemViewController.xib */; };
		EF3C348D1235A0E6007005DC /* MusicLabelsViewController.m in Sources */ = {isa = PBXBuildFile; fileRef = EF3C348B1235A0E6007005DC /* MusicLabelsViewController.m */; };
		EF3C348E1235A0E6007005DC /* MusicLabelsViewController.xib in Resources */ = {isa = PBXBuildFile; fileRef = EF3C348C1235A0E6007005DC /* MusicLabelsViewController.xib */; };
		EF4F828A123A8B55007E5E7F /* NSString+Extensions.m in Sources */ = {isa = PBXBuildFile; fileRef = EF4F8289123A8B55007E5E7F /* NSString+Extensions.m */; };
		EF7C61031239839B003C6EB8 /* AddItemCell.m in Sources */ = {isa = PBXBuildFile; fileRef = EF7C61021239839B003C6EB8 /* AddItemCell.m */; };
		EF7C6105123983CA003C6EB8 /* AddItemCell.xib in Resources */ = {isa = PBXBuildFile; fileRef = EF7C6104123983CA003C6EB8 /* AddItemCell.xib */; };
		EF8C77AF123B802500AB447A /* UITextView+Extensions.m in Sources */ = {isa = PBXBuildFile; fileRef = EF8C77AE123B802500AB447A /* UITextView+Extensions.m */; };
		EFCDC2DE1234EDBB00E80AC1 /* MusicRootViewController.m in Sources */ = {isa = PBXBuildFile; fileRef = EFCDC2DC1234EDBB00E80AC1 /* MusicRootViewController.m */; };
		EFCDC2DF1234EDBB00E80AC1 /* MusicRootViewController.xib in Resources */ = {isa = PBXBuildFile; fileRef = EFCDC2DD1234EDBB00E80AC1 /* MusicRootViewController.xib */; };
		EFCDC2EC1234EE2C00E80AC1 /* BooksRootViewController.m in Sources */ = {isa = PBXBuildFile; fileRef = EFCDC2EA1234EE2C00E80AC1 /* BooksRootViewController.m */; };
		EFCDC2ED1234EE2C00E80AC1 /* BooksRootViewController.xib in Resources */ = {isa = PBXBuildFile; fileRef = EFCDC2EB1234EE2C00E80AC1 /* BooksRootViewController.xib */; };
		EFCDC3521234F65D00E80AC1 /* NewBookViewController.m in Sources */ = {isa = PBXBuildFile; fileRef = EFCDC3501234F65D00E80AC1 /* NewBookViewController.m */; };
		EFCDC3531234F65D00E80AC1 /* NewBookViewController.xib in Resources */ = {isa = PBXBuildFile; fileRef = EFCDC3511234F65D00E80AC1 /* NewBookViewController.xib */; };
		EFCDC3581234F6F400E80AC1 /* NewMusicViewController.m in Sources */ = {isa = PBXBuildFile; fileRef = EFCDC3561234F6F400E80AC1 /* NewMusicViewController.m */; };
		EFCDC3591234F6F400E80AC1 /* NewMusicViewController.xib in Resources */ = {isa = PBXBuildFile; fileRef = EFCDC3571234F6F400E80AC1 /* NewMusicViewController.xib */; };
		EFCDC427123508C200E80AC1 /* Music.m in Sources */ = {isa = PBXBuildFile; fileRef = EFCDC426123508C200E80AC1 /* Music.m */; };
		EFD9515912351CA000E318F8 /* MusicArtistsViewController.m in Sources */ = {isa = PBXBuildFile; fileRef = EFD9515712351CA000E318F8 /* MusicArtistsViewController.m */; };
		EFD9515A12351CA000E318F8 /* MusicArtistsViewController.xib in Resources */ = {isa = PBXBuildFile; fileRef = EFD9515812351CA000E318F8 /* MusicArtistsViewController.xib */; };
/* End PBXBuildFile section */

/* Begin PBXFileReference section */
		1D30AB110D05D00D00671497 /* Foundation.framework */ = {isa = PBXFileReference; lastKnownFileType = wrapper.framework; name = Foundation.framework; path = System/Library/Frameworks/Foundation.framework; sourceTree = SDKROOT; };
		1D3623240D0F684500981E51 /* ThisIsMyStuffAppDelegate.h */ = {isa = PBXFileReference; fileEncoding = 4; lastKnownFileType = sourcecode.c.h; path = ThisIsMyStuffAppDelegate.h; sourceTree = "<group>"; };
		1D3623250D0F684500981E51 /* ThisIsMyStuffAppDelegate.m */ = {isa = PBXFileReference; fileEncoding = 4; lastKnownFileType = sourcecode.c.objc; path = ThisIsMyStuffAppDelegate.m; sourceTree = "<group>"; };
		1D6058910D05DD3D006BFB54 /* ThisIsMyStuff.app */ = {isa = PBXFileReference; explicitFileType = wrapper.application; includeInIndex = 0; path = ThisIsMyStuff.app; sourceTree = BUILT_PRODUCTS_DIR; };
		1DF5F4DF0D08C38300B7A737 /* UIKit.framework */ = {isa = PBXFileReference; lastKnownFileType = wrapper.framework; name = UIKit.framework; path = System/Library/Frameworks/UIKit.framework; sourceTree = SDKROOT; };
		288765A40DF7441C002DB57D /* CoreGraphics.framework */ = {isa = PBXFileReference; lastKnownFileType = wrapper.framework; name = CoreGraphics.framework; path = System/Library/Frameworks/CoreGraphics.framework; sourceTree = SDKROOT; };
		28AD733E0D9D9553002E5188 /* MainWindow.xib */ = {isa = PBXFileReference; lastKnownFileType = file.xib; path = MainWindow.xib; sourceTree = "<group>"; };
		28C3AD890F43EF2300507BA6 /* ThisIsMyStuff.xcdatamodel */ = {isa = PBXFileReference; fileEncoding = 4; lastKnownFileType = wrapper.xcdatamodel; path = ThisIsMyStuff.xcdatamodel; sourceTree = "<group>"; };
		28D801B30F44B63D00FB423F /* CoreData.framework */ = {isa = PBXFileReference; lastKnownFileType = wrapper.framework; name = CoreData.framework; path = System/Library/Frameworks/CoreData.framework; sourceTree = SDKROOT; };
		29B97316FDCFA39411CA2CEA /* main.m */ = {isa = PBXFileReference; fileEncoding = 4; lastKnownFileType = sourcecode.c.objc; path = main.m; sourceTree = "<group>"; };
		32CA4F630368D1EE00C91783 /* ThisIsMyStuff_Prefix.pch */ = {isa = PBXFileReference; fileEncoding = 4; lastKnownFileType = sourcecode.c.h; path = ThisIsMyStuff_Prefix.pch; sourceTree = "<group>"; };
		8D1107310486CEB800E47090 /* ThisIsMyStuff-Info.plist */ = {isa = PBXFileReference; fileEncoding = 4; lastKnownFileType = text.plist.xml; path = "ThisIsMyStuff-Info.plist"; plistStructureDefinitionIdentifier = "com.apple.xcode.plist.structure-definition.iphone.info-plist"; sourceTree = "<group>"; };
		EF0270D7123B972A00F2AFDA /* book.png */ = {isa = PBXFileReference; lastKnownFileType = image.png; path = book.png; sourceTree = "<group>"; };
		EF0270D8123B972A00F2AFDA /* disk.png */ = {isa = PBXFileReference; lastKnownFileType = image.png; path = disk.png; sourceTree = "<group>"; };
		EF19D215123BA7C0002F970C /* icon.png */ = {isa = PBXFileReference; lastKnownFileType = image.png; path = icon.png; sourceTree = "<group>"; };
		EF19D219123BA881002F970C /* icon@2x.png */ = {isa = PBXFileReference; lastKnownFileType = image.png; path = "icon@2x.png"; sourceTree = "<group>"; };
		EF213B14123683A500181E28 /* MusicItemViewController.h */ = {isa = PBXFileReference; fileEncoding = 4; lastKnownFileType = sourcecode.c.h; path = MusicItemViewController.h; sourceTree = "<group>"; };
		EF213B15123683A500181E28 /* MusicItemViewController.m */ = {isa = PBXFileReference; fileEncoding = 4; lastKnownFileType = sourcecode.c.objc; path = MusicItemViewController.m; sourceTree = "<group>"; };
		EF213B16123683A500181E28 /* MusicItemViewController.xib */ = {isa = PBXFileReference; lastKnownFileType = file.xib; name = MusicItemViewController.xib; path = Classes/MusicItemViewController.xib; sourceTree = "<group>"; };
		EF3C348A1235A0E6007005DC /* MusicLabelsViewController.h */ = {isa = PBXFileReference; fileEncoding = 4; lastKnownFileType = sourcecode.c.h; path = MusicLabelsViewController.h; sourceTree = "<group>"; };
		EF3C348B1235A0E6007005DC /* MusicLabelsViewController.m */ = {isa = PBXFileReference; fileEncoding = 4; lastKnownFileType = sourcecode.c.objc; path = MusicLabelsViewController.m; sourceTree = "<group>"; };
		EF3C348C1235A0E6007005DC /* MusicLabelsViewController.xib */ = {isa = PBXFileReference; lastKnownFileType = file.xib; name = MusicLabelsViewController.xib; path = Classes/MusicLabelsViewController.xib; sourceTree = "<group>"; };
		EF4F8288123A8B55007E5E7F /* NSString+Extensions.h */ = {isa = PBXFileReference; fileEncoding = 4; lastKnownFileType = sourcecode.c.h; path = "NSString+Extensions.h"; sourceTree = "<group>"; };
		EF4F8289123A8B55007E5E7F /* NSString+Extensions.m */ = {isa = PBXFileReference; fileEncoding = 4; lastKnownFileType = sourcecode.c.objc; path = "NSString+Extensions.m"; sourceTree = "<group>"; };
		EF7C61011239839B003C6EB8 /* AddItemCell.h */ = {isa = PBXFileReference; fileEncoding = 4; lastKnownFileType = sourcecode.c.h; path = AddItemCell.h; sourceTree = "<group>"; };
		EF7C61021239839B003C6EB8 /* AddItemCell.m */ = {isa = PBXFileReference; fileEncoding = 4; lastKnownFileType = sourcecode.c.objc; path = AddItemCell.m; sourceTree = "<group>"; };
		EF7C6104123983CA003C6EB8 /* AddItemCell.xib */ = {isa = PBXFileReference; lastKnownFileType = file.xib; path = AddItemCell.xib; sourceTree = "<group>"; };
		EF8C77AD123B802500AB447A /* UITextView+Extensions.h */ = {isa = PBXFileReference; fileEncoding = 4; lastKnownFileType = sourcecode.c.h; path = "UITextView+Extensions.h"; sourceTree = "<group>"; };
		EF8C77AE123B802500AB447A /* UITextView+Extensions.m */ = {isa = PBXFileReference; fileEncoding = 4; lastKnownFileType = sourcecode.c.objc; path = "UITextView+Extensions.m"; sourceTree = "<group>"; };
		EFCDC2DB1234EDBB00E80AC1 /* MusicRootViewController.h */ = {isa = PBXFileReference; fileEncoding = 4; lastKnownFileType = sourcecode.c.h; path = MusicRootViewController.h; sourceTree = "<group>"; };
		EFCDC2DC1234EDBB00E80AC1 /* MusicRootViewController.m */ = {isa = PBXFileReference; fileEncoding = 4; lastKnownFileType = sourcecode.c.objc; path = MusicRootViewController.m; sourceTree = "<group>"; };
		EFCDC2DD1234EDBB00E80AC1 /* MusicRootViewController.xib */ = {isa = PBXFileReference; lastKnownFileType = file.xib; path = MusicRootViewController.xib; sourceTree = "<group>"; };
		EFCDC2E91234EE2C00E80AC1 /* BooksRootViewController.h */ = {isa = PBXFileReference; fileEncoding = 4; lastKnownFileType = sourcecode.c.h; path = BooksRootViewController.h; sourceTree = "<group>"; };
		EFCDC2EA1234EE2C00E80AC1 /* BooksRootViewController.m */ = {isa = PBXFileReference; fileEncoding = 4; lastKnownFileType = sourcecode.c.objc; path = BooksRootViewController.m; sourceTree = "<group>"; };
		EFCDC2EB1234EE2C00E80AC1 /* BooksRootViewController.xib */ = {isa = PBXFileReference; lastKnownFileType = file.xib; name = BooksRootViewController.xib; path = Classes/BooksRootViewController.xib; sourceTree = "<group>"; };
		EFCDC34F1234F65D00E80AC1 /* NewBookViewController.h */ = {isa = PBXFileReference; fileEncoding = 4; lastKnownFileType = sourcecode.c.h; path = NewBookViewController.h; sourceTree = "<group>"; };
		EFCDC3501234F65D00E80AC1 /* NewBookViewController.m */ = {isa = PBXFileReference; fileEncoding = 4; lastKnownFileType = sourcecode.c.objc; path = NewBookViewController.m; sourceTree = "<group>"; };
		EFCDC3511234F65D00E80AC1 /* NewBookViewController.xib */ = {isa = PBXFileReference; lastKnownFileType = file.xib; path = NewBookViewController.xib; sourceTree = "<group>"; };
		EFCDC3551234F6F400E80AC1 /* NewMusicViewController.h */ = {isa = PBXFileReference; fileEncoding = 4; lastKnownFileType = sourcecode.c.h; path = NewMusicViewController.h; sourceTree = "<group>"; };
		EFCDC3561234F6F400E80AC1 /* NewMusicViewController.m */ = {isa = PBXFileReference; fileEncoding = 4; lastKnownFileType = sourcecode.c.objc; path = NewMusicViewController.m; sourceTree = "<group>"; };
		EFCDC3571234F6F400E80AC1 /* NewMusicViewController.xib */ = {isa = PBXFileReference; lastKnownFileType = file.xib; name = NewMusicViewController.xib; path = Classes/NewMusicViewController.xib; sourceTree = "<group>"; };
		EFCDC425123508C200E80AC1 /* Music.h */ = {isa = PBXFileReference; fileEncoding = 4; lastKnownFileType = sourcecode.c.h; path = Music.h; sourceTree = "<group>"; };
		EFCDC426123508C200E80AC1 /* Music.m */ = {isa = PBXFileReference; fileEncoding = 4; lastKnownFileType = sourcecode.c.objc; path = Music.m; sourceTree = "<group>"; };
		EFD9515612351CA000E318F8 /* MusicArtistsViewController.h */ = {isa = PBXFileReference; fileEncoding = 4; lastKnownFileType = sourcecode.c.h; path = MusicArtistsViewController.h; sourceTree = "<group>"; };
		EFD9515712351CA000E318F8 /* MusicArtistsViewController.m */ = {isa = PBXFileReference; fileEncoding = 4; lastKnownFileType = sourcecode.c.objc; path = MusicArtistsViewController.m; sourceTree = "<group>"; };
		EFD9515812351CA000E318F8 /* MusicArtistsViewController.xib */ = {isa = PBXFileReference; lastKnownFileType = file.xib; name = MusicArtistsViewController.xib; path = Classes/MusicArtistsViewController.xib; sourceTree = "<group>"; };
/* End PBXFileReference section */

/* Begin PBXFrameworksBuildPhase section */
		1D60588F0D05DD3D006BFB54 /* Frameworks */ = {
			isa = PBXFrameworksBuildPhase;
			buildActionMask = 2147483647;
			files = (
				1D60589F0D05DD5A006BFB54 /* Foundation.framework in Frameworks */,
				1DF5F4E00D08C38300B7A737 /* UIKit.framework in Frameworks */,
				288765A50DF7441C002DB57D /* CoreGraphics.framework in Frameworks */,
				28D801B40F44B63D00FB423F /* CoreData.framework in Frameworks */,
			);
			runOnlyForDeploymentPostprocessing = 0;
		};
/* End PBXFrameworksBuildPhase section */

/* Begin PBXGroup section */
		080E96DDFE201D6D7F000001 /* Classes */ = {
			isa = PBXGroup;
			children = (
				EF4F8286123A8B3B007E5E7F /* Extensions */,
				EF7C6100123981BB003C6EB8 /* Table Cells */,
				EFCDC3011234EED500E80AC1 /* Main Window */,
				EFCDC2E81234EE1D00E80AC1 /* BooksViewControllers */,
				EFCDC2E01234EDC900E80AC1 /* MusicViewControllers */,
			);
			path = Classes;
			sourceTree = "<group>";
		};
		19C28FACFE9D520D11CA2CBB /* Products */ = {
			isa = PBXGroup;
			children = (
				1D6058910D05DD3D006BFB54 /* ThisIsMyStuff.app */,
			);
			name = Products;
			sourceTree = "<group>";
		};
		29B97314FDCFA39411CA2CEA /* CustomTemplate */ = {
			isa = PBXGroup;
			children = (
				EF19D219123BA881002F970C /* icon@2x.png */,
				EF19D215123BA7C0002F970C /* icon.png */,
				080E96DDFE201D6D7F000001 /* Classes */,
				29B97315FDCFA39411CA2CEA /* Other Sources */,
				29B97317FDCFA39411CA2CEA /* Resources */,
				29B97323FDCFA39411CA2CEA /* Frameworks */,
				19C28FACFE9D520D11CA2CBB /* Products */,
			);
			name = CustomTemplate;
			sourceTree = "<group>";
		};
		29B97315FDCFA39411CA2CEA /* Other Sources */ = {
			isa = PBXGroup;
			children = (
				32CA4F630368D1EE00C91783 /* ThisIsMyStuff_Prefix.pch */,
				29B97316FDCFA39411CA2CEA /* main.m */,
			);
			name = "Other Sources";
			sourceTree = "<group>";
		};
		29B97317FDCFA39411CA2CEA /* Resources */ = {
			isa = PBXGroup;
			children = (
				EF0270D6123B970F00F2AFDA /* images */,
				2819305F112F816700ECF9B4 /* ThisIsMyStuff.xcdatamodeld */,
				28AD733E0D9D9553002E5188 /* MainWindow.xib */,
				EFCDC3511234F65D00E80AC1 /* NewBookViewController.xib */,
				EF3C348C1235A0E6007005DC /* MusicLabelsViewController.xib */,
				EF213B16123683A500181E28 /* MusicItemViewController.xib */,
				EFD9515812351CA000E318F8 /* MusicArtistsViewController.xib */,
				EFCDC2DD1234EDBB00E80AC1 /* MusicRootViewController.xib */,
				EFCDC3571234F6F400E80AC1 /* NewMusicViewController.xib */,
				EFCDC2EB1234EE2C00E80AC1 /* BooksRootViewController.xib */,
				8D1107310486CEB800E47090 /* ThisIsMyStuff-Info.plist */,
			);
			name = Resources;
			sourceTree = "<group>";
		};
		29B97323FDCFA39411CA2CEA /* Frameworks */ = {
			isa = PBXGroup;
			children = (
				1DF5F4DF0D08C38300B7A737 /* UIKit.framework */,
				1D30AB110D05D00D00671497 /* Foundation.framework */,
				288765A40DF7441C002DB57D /* CoreGraphics.framework */,
				28D801B30F44B63D00FB423F /* CoreData.framework */,
			);
			name = Frameworks;
			sourceTree = "<group>";
		};
		EF0270D6123B970F00F2AFDA /* images */ = {
			isa = PBXGroup;
			children = (
				EF0270D7123B972A00F2AFDA /* book.png */,
				EF0270D8123B972A00F2AFDA /* disk.png */,
			);
			name = images;
			sourceTree = "<group>";
		};
		EF4F8286123A8B3B007E5E7F /* Extensions */ = {
			isa = PBXGroup;
			children = (
				EF4F8288123A8B55007E5E7F /* NSString+Extensions.h */,
				EF4F8289123A8B55007E5E7F /* NSString+Extensions.m */,
				EF8C77AD123B802500AB447A /* UITextView+Extensions.h */,
				EF8C77AE123B802500AB447A /* UITextView+Extensions.m */,
			);
			name = Extensions;
			sourceTree = "<group>";
		};
		EF7C6100123981BB003C6EB8 /* Table Cells */ = {
			isa = PBXGroup;
			children = (
				EF7C61011239839B003C6EB8 /* AddItemCell.h */,
				EF7C61021239839B003C6EB8 /* AddItemCell.m */,
				EF7C6104123983CA003C6EB8 /* AddItemCell.xib */,
			);
			name = "Table Cells";
			sourceTree = "<group>";
		};
		EFCDC2E01234EDC900E80AC1 /* MusicViewControllers */ = {
			isa = PBXGroup;
			children = (
				EFCDC2DB1234EDBB00E80AC1 /* MusicRootViewController.h */,
				EFCDC2DC1234EDBB00E80AC1 /* MusicRootViewController.m */,
				EFCDC3551234F6F400E80AC1 /* NewMusicViewController.h */,
				EFCDC3561234F6F400E80AC1 /* NewMusicViewController.m */,
				EFD9515612351CA000E318F8 /* MusicArtistsViewController.h */,
				EFD9515712351CA000E318F8 /* MusicArtistsViewController.m */,
				EF3C348A1235A0E6007005DC /* MusicLabelsViewController.h */,
				EF3C348B1235A0E6007005DC /* MusicLabelsViewController.m */,
				EF213B14123683A500181E28 /* MusicItemViewController.h */,
				EF213B15123683A500181E28 /* MusicItemViewController.m */,
			);
			name = MusicViewControllers;
			sourceTree = "<group>";
		};
		EFCDC2E81234EE1D00E80AC1 /* BooksViewControllers */ = {
			isa = PBXGroup;
			children = (
				EFCDC2E91234EE2C00E80AC1 /* BooksRootViewController.h */,
				EFCDC34F1234F65D00E80AC1 /* NewBookViewController.h */,
				EFCDC3501234F65D00E80AC1 /* NewBookViewController.m */,
				EFCDC2EA1234EE2C00E80AC1 /* BooksRootViewController.m */,
			);
			name = BooksViewControllers;
			sourceTree = "<group>";
		};
		EFCDC3011234EED500E80AC1 /* Main Window */ = {
			isa = PBXGroup;
			children = (
				1D3623240D0F684500981E51 /* ThisIsMyStuffAppDelegate.h */,
				1D3623250D0F684500981E51 /* ThisIsMyStuffAppDelegate.m */,
			);
			name = "Main Window";
			sourceTree = "<group>";
		};
/* End PBXGroup section */

/* Begin PBXNativeTarget section */
		1D6058900D05DD3D006BFB54 /* ThisIsMyStuff */ = {
			isa = PBXNativeTarget;
			buildConfigurationList = 1D6058960D05DD3E006BFB54 /* Build configuration list for PBXNativeTarget "ThisIsMyStuff" */;
			buildPhases = (
				1D60588D0D05DD3D006BFB54 /* Resources */,
				1D60588E0D05DD3D006BFB54 /* Sources */,
				1D60588F0D05DD3D006BFB54 /* Frameworks */,
			);
			buildRules = (
			);
			dependencies = (
			);
			name = ThisIsMyStuff;
			productName = ThisIsMyStuff;
			productReference = 1D6058910D05DD3D006BFB54 /* ThisIsMyStuff.app */;
			productType = "com.apple.product-type.application";
		};
/* End PBXNativeTarget section */

/* Begin PBXProject section */
		29B97313FDCFA39411CA2CEA /* Project object */ = {
			isa = PBXProject;
			buildConfigurationList = C01FCF4E08A954540054247B /* Build configuration list for PBXProject "ThisIsMyStuff" */;
			compatibilityVersion = "Xcode 3.2";
			developmentRegion = English;
			hasScannedForEncodings = 1;
			knownRegions = (
				English,
				Japanese,
				French,
				German,
			);
			mainGroup = 29B97314FDCFA39411CA2CEA /* CustomTemplate */;
			projectDirPath = "";
			projectRoot = "";
			targets = (
				1D6058900D05DD3D006BFB54 /* ThisIsMyStuff */,
			);
		};
/* End PBXProject section */

/* Begin PBXResourcesBuildPhase section */
		1D60588D0D05DD3D006BFB54 /* Resources */ = {
			isa = PBXResourcesBuildPhase;
			buildActionMask = 2147483647;
			files = (
				28AD733F0D9D9553002E5188 /* MainWindow.xib in Resources */,
				EFCDC2DF1234EDBB00E80AC1 /* MusicRootViewController.xib in Resources */,
				EFCDC2ED1234EE2C00E80AC1 /* BooksRootViewController.xib in Resources */,
				EFCDC3531234F65D00E80AC1 /* NewBookViewController.xib in Resources */,
				EFCDC3591234F6F400E80AC1 /* NewMusicViewController.xib in Resources */,
				EFD9515A12351CA000E318F8 /* MusicArtistsViewController.xib in Resources */,
				EF3C348E1235A0E6007005DC /* MusicLabelsViewController.xib in Resources */,
				EF213B18123683A500181E28 /* MusicItemViewController.xib in Resources */,
				EF7C6105123983CA003C6EB8 /* AddItemCell.xib in Resources */,
				EF0270D9123B972A00F2AFDA /* book.png in Resources */,
				EF0270DA123B972A00F2AFDA /* disk.png in Resources */,
				EF19D216123BA7C0002F970C /* icon.png in Resources */,
				EF19D21A123BA881002F970C /* icon@2x.png in Resources */,
			);
			runOnlyForDeploymentPostprocessing = 0;
		};
/* End PBXResourcesBuildPhase section */

/* Begin PBXSourcesBuildPhase section */
		1D60588E0D05DD3D006BFB54 /* Sources */ = {
			isa = PBXSourcesBuildPhase;
			buildActionMask = 2147483647;
			files = (
				1D60589B0D05DD56006BFB54 /* main.m in Sources */,
				1D3623260D0F684500981E51 /* ThisIsMyStuffAppDelegate.m in Sources */,
				28193060112F816700ECF9B4 /* ThisIsMyStuff.xcdatamodeld in Sources */,
				EFCDC2DE1234EDBB00E80AC1 /* MusicRootViewController.m in Sources */,
				EFCDC2EC1234EE2C00E80AC1 /* BooksRootViewController.m in Sources */,
				EFCDC3521234F65D00E80AC1 /* NewBookViewController.m in Sources */,
				EFCDC3581234F6F400E80AC1 /* NewMusicViewController.m in Sources */,
				EFCDC427123508C200E80AC1 /* Music.m in Sources */,
				EFD9515912351CA000E318F8 /* MusicArtistsViewController.m in Sources */,
				EF3C348D1235A0E6007005DC /* MusicLabelsViewController.m in Sources */,
				EF213B17123683A500181E28 /* MusicItemViewController.m in Sources */,
				EF7C61031239839B003C6EB8 /* AddItemCell.m in Sources */,
				EF4F828A123A8B55007E5E7F /* NSString+Extensions.m in Sources */,
				EF8C77AF123B802500AB447A /* UITextView+Extensions.m in Sources */,
			);
			runOnlyForDeploymentPostprocessing = 0;
		};
/* End PBXSourcesBuildPhase section */

/* Begin XCBuildConfiguration section */
		1D6058940D05DD3E006BFB54 /* Debug */ = {
			isa = XCBuildConfiguration;
			buildSettings = {
				ALWAYS_SEARCH_USER_PATHS = NO;
				COPY_PHASE_STRIP = NO;
				GCC_DYNAMIC_NO_PIC = NO;
				GCC_OPTIMIZATION_LEVEL = 0;
				GCC_PRECOMPILE_PREFIX_HEADER = YES;
				GCC_PREFIX_HEADER = ThisIsMyStuff_Prefix.pch;
				INFOPLIST_FILE = "ThisIsMyStuff-Info.plist";
				PRODUCT_NAME = ThisIsMyStuff;
			};
			name = Debug;
		};
		1D6058950D05DD3E006BFB54 /* Release */ = {
			isa = XCBuildConfiguration;
			buildSettings = {
				ALWAYS_SEARCH_USER_PATHS = NO;
				COPY_PHASE_STRIP = YES;
				GCC_PRECOMPILE_PREFIX_HEADER = YES;
				GCC_PREFIX_HEADER = ThisIsMyStuff_Prefix.pch;
				INFOPLIST_FILE = "ThisIsMyStuff-Info.plist";
				PRODUCT_NAME = ThisIsMyStuff;
				VALIDATE_PRODUCT = YES;
			};
			name = Release;
		};
		C01FCF4F08A954540054247B /* Debug */ = {
			isa = XCBuildConfiguration;
			buildSettings = {
				ARCHS = "$(ARCHS_STANDARD_32_BIT)";
				"CODE_SIGN_IDENTITY[sdk=iphoneos*]" = "iPhone Developer";
				GCC_C_LANGUAGE_STANDARD = c99;
				GCC_WARN_ABOUT_RETURN_TYPE = YES;
				GCC_WARN_UNUSED_VARIABLE = YES;
				PREBINDING = NO;
				SDKROOT = iphoneos4.1;
			};
			name = Debug;
		};
		C01FCF5008A954540054247B /* Release */ = {
			isa = XCBuildConfiguration;
			buildSettings = {
				ARCHS = "$(ARCHS_STANDARD_32_BIT)";
				"CODE_SIGN_IDENTITY[sdk=iphoneos*]" = "iPhone Developer";
				GCC_C_LANGUAGE_STANDARD = c99;
				GCC_WARN_ABOUT_RETURN_TYPE = YES;
				GCC_WARN_UNUSED_VARIABLE = YES;
				OTHER_CFLAGS = "-DNS_BLOCK_ASSERTIONS=1";
				PREBINDING = NO;
				SDKROOT = iphoneos4.1;
			};
			name = Release;
		};
/* End XCBuildConfiguration section */

/* Begin XCConfigurationList section */
		1D6058960D05DD3E006BFB54 /* Build configuration list for PBXNativeTarget "ThisIsMyStuff" */ = {
			isa = XCConfigurationList;
			buildConfigurations = (
				1D6058940D05DD3E006BFB54 /* Debug */,
				1D6058950D05DD3E006BFB54 /* Release */,
			);
			defaultConfigurationIsVisible = 0;
			defaultConfigurationName = Release;
		};
		C01FCF4E08A954540054247B /* Build configuration list for PBXProject "ThisIsMyStuff" */ = {
			isa = XCConfigurationList;
			buildConfigurations = (
				C01FCF4F08A954540054247B /* Debug */,
				C01FCF5008A954540054247B /* Release */,
			);
			defaultConfigurationIsVisible = 0;
			defaultConfigurationName = Release;
		};
/* End XCConfigurationList section */

/* Begin XCVersionGroup section */
		2819305F112F816700ECF9B4 /* ThisIsMyStuff.xcdatamodeld */ = {
			isa = XCVersionGroup;
			children = (
				EFCDC425123508C200E80AC1 /* Music.h */,
				EFCDC426123508C200E80AC1 /* Music.m */,
				28C3AD890F43EF2300507BA6 /* ThisIsMyStuff.xcdatamodel */,
			);
			currentVersion = 28C3AD890F43EF2300507BA6 /* ThisIsMyStuff.xcdatamodel */;
			path = ThisIsMyStuff.xcdatamodeld;
			sourceTree = "<group>";
			versionGroupType = wrapper.xcdatamodel;
		};
/* End XCVersionGroup section */
	};
	rootObject = 29B97313FDCFA39411CA2CEA /* Project object */;
}
